
Microsoft Visual Studio Solution File, Format Version 12.00
# Visual Studio Version 17
VisualStudioVersion = 17.10.35004.147
MinimumVisualStudioVersion = 10.0.40219.1
Project("{2150E333-8FDC-42A3-9474-1A3956D46DE8}") = "01-OOP", "01-OOP", "{D0DCE24F-029B-4B6E-9E61-C24AA3FA7166}"
EndProject
Project("{9A19103F-16F7-4668-BE54-9A1E7A4F7556}") = "01-OOP-010-Role-Papiru", "01-OOP-010-Role-Papiru\01-OOP-010-Role-Papiru.csproj", "{D1129B4E-268E-457B-8228-46C3E7FC9897}"
EndProject
Project("{9A19103F-16F7-4668-BE54-9A1E7A4F7556}") = "01-OOP-020-Tachometr", "C:\Users\koupja\source\repos\2024_PR2_2Bs1\01-OOP-020-Tachometr\01-OOP-020-Tachometr.csproj", "{A8AF5AA8-2DDE-473F-9C95-F737A6CFC698}"
EndProject
Project("{9A19103F-16F7-4668-BE54-9A1E7A4F7556}") = "01-OOP-030-Test-vyrobku", "C:\Users\koupja\source\repos\2024_PR2_2Bs1\01-OOP-030-Test-vyrobku\01-OOP-030-Test-vyrobku.csproj", "{90A9B3D3-EC73-49E0-8B9A-F9F50F6F3936}"
EndProject
Project("{9A19103F-16F7-4668-BE54-9A1E7A4F7556}") = "01-OOP-050-Lanovka-01-Pole", "C:\Users\koupja\source\repos\2024_PR2_2Bs1\01-OOP-050-Lanovka-01-Pole\01-OOP-050-Lanovka-01-Pole.csproj", "{2E0013E8-03F5-4F69-B724-3BEBFC79ED78}"
EndProject
Project("{9A19103F-16F7-4668-BE54-9A1E7A4F7556}") = "00-Rev-01-StatistikaPodLimitem", "00-Rev-01-StatistikaPodLimitem\00-Rev-01-StatistikaPodLimitem.csproj", "{B7AE95D0-5210-4095-BC5C-F2519E03AEA2}"
EndProject
Project("{9A19103F-16F7-4668-BE54-9A1E7A4F7556}") = "01-OOP-051-Lanovka-02-LinkedList", "C:\Users\koupja\source\repos\2024_PR2_2Bs1\01-OOP-051-Lanovka-02-LinkedList\01-OOP-051-Lanovka-02-LinkedList.csproj", "{37FAE8EC-22A8-4C4F-B363-738ED5851500}"
EndProject
Project("{2150E333-8FDC-42A3-9474-1A3956D46DE8}") = "02-OOP2-Dedicnost", "02-OOP2-Dedicnost", "{2595F3A5-C455-4F9C-A5F0-BE50C4E886C8}"
EndProject
Project("{9A19103F-16F7-4668-BE54-9A1E7A4F7556}") = "02-OOP2-010-Savci-Demo", "02-OOP2-010-Savci-Demo\02-OOP2-010-Savci-Demo.csproj", "{0C10CBA4-41F3-4D70-B2F9-B72A3C0EFEAC}"
EndProject
Project("{9A19103F-16F7-4668-BE54-9A1E7A4F7556}") = "01-OOP-110-Statika", "01-OOP-010-Statika\01-OOP-110-Statika.csproj", "{4A22BA6B-79A8-479B-8336-390788F6C1D6}"
EndProject
Project("{9A19103F-16F7-4668-BE54-9A1E7A4F7556}") = "01-OOP-120-Ref-a-val", "01-OOP-120-Ref-a-val\01-OOP-120-Ref-a-val.csproj", "{FBB0170F-AA75-4E3B-98B7-87A2700761EA}"
EndProject
Project("{9A19103F-16F7-4668-BE54-9A1E7A4F7556}") = "01-OOP-Test-Abacus", "01-OOP-Test-Abacus\01-OOP-Test-Abacus.csproj", "{7D51EE5C-0DF5-44A2-831A-054DF4158D71}"
EndProject
Project("{9A19103F-16F7-4668-BE54-9A1E7A4F7556}") = "02-OOP2-020-Obdelnik-a-ctverec", "002-OOP2-020-Obdelnik-a-ctverec\02-OOP2-020-Obdelnik-a-ctverec.csproj", "{07E1B065-070E-470A-9A8B-4C89EC2C5806}"
EndProject
Project("{FAE04EC0-301F-11D3-BF4B-00C04F79EFBC}") = "02-OOP2-cv-020-Counter", "02-OOP2-cv-020-Counter\02-OOP2-cv-020-Counter.csproj", "{9A40A116-EA78-4E6E-93BF-4F99A3285562}"
EndProject
Project("{9A19103F-16F7-4668-BE54-9A1E7A4F7556}") = "02-OOP2-cv-030-Ucty", "C:\Users\koupja\source\repos\2024_PR2_2Bs1\02-OOP2-cv-030-Ucty\02-OOP2-cv-030-Ucty.csproj", "{86CD7D5C-233A-41A0-BEA8-4FD0BCD13A2B}"
EndProject
Global
	GlobalSection(SolutionConfigurationPlatforms) = preSolution
		Debug|Any CPU = Debug|Any CPU
		Release|Any CPU = Release|Any CPU
	EndGlobalSection
	GlobalSection(ProjectConfigurationPlatforms) = postSolution
		{D1129B4E-268E-457B-8228-46C3E7FC9897}.Debug|Any CPU.ActiveCfg = Debug|Any CPU
		{D1129B4E-268E-457B-8228-46C3E7FC9897}.Debug|Any CPU.Build.0 = Debug|Any CPU
		{D1129B4E-268E-457B-8228-46C3E7FC9897}.Release|Any CPU.ActiveCfg = Release|Any CPU
		{D1129B4E-268E-457B-8228-46C3E7FC9897}.Release|Any CPU.Build.0 = Release|Any CPU
		{A8AF5AA8-2DDE-473F-9C95-F737A6CFC698}.Debug|Any CPU.ActiveCfg = Debug|Any CPU
		{A8AF5AA8-2DDE-473F-9C95-F737A6CFC698}.Debug|Any CPU.Build.0 = Debug|Any CPU
		{A8AF5AA8-2DDE-473F-9C95-F737A6CFC698}.Release|Any CPU.ActiveCfg = Release|Any CPU
		{A8AF5AA8-2DDE-473F-9C95-F737A6CFC698}.Release|Any CPU.Build.0 = Release|Any CPU
		{90A9B3D3-EC73-49E0-8B9A-F9F50F6F3936}.Debug|Any CPU.ActiveCfg = Debug|Any CPU
		{90A9B3D3-EC73-49E0-8B9A-F9F50F6F3936}.Debug|Any CPU.Build.0 = Debug|Any CPU
		{90A9B3D3-EC73-49E0-8B9A-F9F50F6F3936}.Release|Any CPU.ActiveCfg = Release|Any CPU
		{90A9B3D3-EC73-49E0-8B9A-F9F50F6F3936}.Release|Any CPU.Build.0 = Release|Any CPU
		{2E0013E8-03F5-4F69-B724-3BEBFC79ED78}.Debug|Any CPU.ActiveCfg = Debug|Any CPU
		{2E0013E8-03F5-4F69-B724-3BEBFC79ED78}.Debug|Any CPU.Build.0 = Debug|Any CPU
		{2E0013E8-03F5-4F69-B724-3BEBFC79ED78}.Release|Any CPU.ActiveCfg = Release|Any CPU
		{2E0013E8-03F5-4F69-B724-3BEBFC79ED78}.Release|Any CPU.Build.0 = Release|Any CPU
		{B7AE95D0-5210-4095-BC5C-F2519E03AEA2}.Debug|Any CPU.ActiveCfg = Debug|Any CPU
		{B7AE95D0-5210-4095-BC5C-F2519E03AEA2}.Debug|Any CPU.Build.0 = Debug|Any CPU
		{B7AE95D0-5210-4095-BC5C-F2519E03AEA2}.Release|Any CPU.ActiveCfg = Release|Any CPU
		{B7AE95D0-5210-4095-BC5C-F2519E03AEA2}.Release|Any CPU.Build.0 = Release|Any CPU
		{37FAE8EC-22A8-4C4F-B363-738ED5851500}.Debug|Any CPU.ActiveCfg = Debug|Any CPU
		{37FAE8EC-22A8-4C4F-B363-738ED5851500}.Debug|Any CPU.Build.0 = Debug|Any CPU
		{37FAE8EC-22A8-4C4F-B363-738ED5851500}.Release|Any CPU.ActiveCfg = Release|Any CPU
		{37FAE8EC-22A8-4C4F-B363-738ED5851500}.Release|Any CPU.Build.0 = Release|Any CPU
		{0C10CBA4-41F3-4D70-B2F9-B72A3C0EFEAC}.Debug|Any CPU.ActiveCfg = Debug|Any CPU
		{0C10CBA4-41F3-4D70-B2F9-B72A3C0EFEAC}.Debug|Any CPU.Build.0 = Debug|Any CPU
		{0C10CBA4-41F3-4D70-B2F9-B72A3C0EFEAC}.Release|Any CPU.ActiveCfg = Release|Any CPU
		{0C10CBA4-41F3-4D70-B2F9-B72A3C0EFEAC}.Release|Any CPU.Build.0 = Release|Any CPU
		{4A22BA6B-79A8-479B-8336-390788F6C1D6}.Debug|Any CPU.ActiveCfg = Debug|Any CPU
		{4A22BA6B-79A8-479B-8336-390788F6C1D6}.Debug|Any CPU.Build.0 = Debug|Any CPU
		{4A22BA6B-79A8-479B-8336-390788F6C1D6}.Release|Any CPU.ActiveCfg = Release|Any CPU
		{4A22BA6B-79A8-479B-8336-390788F6C1D6}.Release|Any CPU.Build.0 = Release|Any CPU
		{FBB0170F-AA75-4E3B-98B7-87A2700761EA}.Debug|Any CPU.ActiveCfg = Debug|Any CPU
		{FBB0170F-AA75-4E3B-98B7-87A2700761EA}.Debug|Any CPU.Build.0 = Debug|Any CPU
		{FBB0170F-AA75-4E3B-98B7-87A2700761EA}.Release|Any CPU.ActiveCfg = Release|Any CPU
		{FBB0170F-AA75-4E3B-98B7-87A2700761EA}.Release|Any CPU.Build.0 = Release|Any CPU
		{7D51EE5C-0DF5-44A2-831A-054DF4158D71}.Debug|Any CPU.ActiveCfg = Debug|Any CPU
		{7D51EE5C-0DF5-44A2-831A-054DF4158D71}.Debug|Any CPU.Build.0 = Debug|Any CPU
		{7D51EE5C-0DF5-44A2-831A-054DF4158D71}.Release|Any CPU.ActiveCfg = Release|Any CPU
		{7D51EE5C-0DF5-44A2-831A-054DF4158D71}.Release|Any CPU.Build.0 = Release|Any CPU
		{07E1B065-070E-470A-9A8B-4C89EC2C5806}.Debug|Any CPU.ActiveCfg = Debug|Any CPU
		{07E1B065-070E-470A-9A8B-4C89EC2C5806}.Debug|Any CPU.Build.0 = Debug|Any CPU
		{07E1B065-070E-470A-9A8B-4C89EC2C5806}.Release|Any CPU.ActiveCfg = Release|Any CPU
		{07E1B065-070E-470A-9A8B-4C89EC2C5806}.Release|Any CPU.Build.0 = Release|Any CPU
		{9A40A116-EA78-4E6E-93BF-4F99A3285562}.Debug|Any CPU.ActiveCfg = Debug|Any CPU
		{9A40A116-EA78-4E6E-93BF-4F99A3285562}.Debug|Any CPU.Build.0 = Debug|Any CPU
		{9A40A116-EA78-4E6E-93BF-4F99A3285562}.Release|Any CPU.ActiveCfg = Release|Any CPU
		{9A40A116-EA78-4E6E-93BF-4F99A3285562}.Release|Any CPU.Build.0 = Release|Any CPU
		{86CD7D5C-233A-41A0-BEA8-4FD0BCD13A2B}.Debug|Any CPU.ActiveCfg = Debug|Any CPU
		{86CD7D5C-233A-41A0-BEA8-4FD0BCD13A2B}.Debug|Any CPU.Build.0 = Debug|Any CPU
		{86CD7D5C-233A-41A0-BEA8-4FD0BCD13A2B}.Release|Any CPU.ActiveCfg = Release|Any CPU
		{86CD7D5C-233A-41A0-BEA8-4FD0BCD13A2B}.Release|Any CPU.Build.0 = Release|Any CPU
	EndGlobalSection
	GlobalSection(SolutionProperties) = preSolution
		HideSolutionNode = FALSE
	EndGlobalSection
	GlobalSection(NestedProjects) = preSolution
		{D1129B4E-268E-457B-8228-46C3E7FC9897} = {D0DCE24F-029B-4B6E-9E61-C24AA3FA7166}
		{A8AF5AA8-2DDE-473F-9C95-F737A6CFC698} = {D0DCE24F-029B-4B6E-9E61-C24AA3FA7166}
		{90A9B3D3-EC73-49E0-8B9A-F9F50F6F3936} = {D0DCE24F-029B-4B6E-9E61-C24AA3FA7166}
		{2E0013E8-03F5-4F69-B724-3BEBFC79ED78} = {D0DCE24F-029B-4B6E-9E61-C24AA3FA7166}
		{37FAE8EC-22A8-4C4F-B363-738ED5851500} = {D0DCE24F-029B-4B6E-9E61-C24AA3FA7166}
		{0C10CBA4-41F3-4D70-B2F9-B72A3C0EFEAC} = {2595F3A5-C455-4F9C-A5F0-BE50C4E886C8}
		{4A22BA6B-79A8-479B-8336-390788F6C1D6} = {D0DCE24F-029B-4B6E-9E61-C24AA3FA7166}
		{FBB0170F-AA75-4E3B-98B7-87A2700761EA} = {D0DCE24F-029B-4B6E-9E61-C24AA3FA7166}
		{7D51EE5C-0DF5-44A2-831A-054DF4158D71} = {D0DCE24F-029B-4B6E-9E61-C24AA3FA7166}
		{07E1B065-070E-470A-9A8B-4C89EC2C5806} = {2595F3A5-C455-4F9C-A5F0-BE50C4E886C8}
		{9A40A116-EA78-4E6E-93BF-4F99A3285562} = {2595F3A5-C455-4F9C-A5F0-BE50C4E886C8}
		{86CD7D5C-233A-41A0-BEA8-4FD0BCD13A2B} = {2595F3A5-C455-4F9C-A5F0-BE50C4E886C8}
	EndGlobalSection
	GlobalSection(ExtensibilityGlobals) = postSolution
		SolutionGuid = {14ACA340-940F-444C-AD33-BC1A31B0BBE3}
	EndGlobalSection
EndGlobal
