
Microsoft Visual Studio Solution File, Format Version 12.00
# Visual Studio Version 17
VisualStudioVersion = 17.10.35004.147
MinimumVisualStudioVersion = 10.0.40219.1
Project("{2150E333-8FDC-42A3-9474-1A3956D46DE8}") = "01-OOP", "01-OOP", "{D0DCE24F-029B-4B6E-9E61-C24AA3FA7166}"
EndProject
Project("{9A19103F-16F7-4668-BE54-9A1E7A4F7556}") = "01-OOP-010-Role-Papiru", "01-OOP-010-Role-Papiru\01-OOP-010-Role-Papiru.csproj", "{D1129B4E-268E-457B-8228-46C3E7FC9897}"
EndProject
Project("{9A19103F-16F7-4668-BE54-9A1E7A4F7556}") = "00-Rev-01-StatistikaPodLimitem", "00-Rev-01-StatistikaPodLimitem\00-Rev-01-StatistikaPodLimitem.csproj", "{B7AE95D0-5210-4095-BC5C-F2519E03AEA2}"
EndProject
Project("{2150E333-8FDC-42A3-9474-1A3956D46DE8}") = "02-OOP2-Dedicnost", "02-OOP2-Dedicnost", "{2595F3A5-C455-4F9C-A5F0-BE50C4E886C8}"
EndProject
Project("{9A19103F-16F7-4668-BE54-9A1E7A4F7556}") = "02-OOP2-010-Savci-Demo", "02-OOP2-010-Savci-Demo\02-OOP2-010-Savci-Demo.csproj", "{0C10CBA4-41F3-4D70-B2F9-B72A3C0EFEAC}"
EndProject
Project("{9A19103F-16F7-4668-BE54-9A1E7A4F7556}") = "01-OOP-110-Statika", "01-OOP-010-Statika\01-OOP-110-Statika.csproj", "{4A22BA6B-79A8-479B-8336-390788F6C1D6}"
EndProject
Project("{9A19103F-16F7-4668-BE54-9A1E7A4F7556}") = "01-OOP-120-Ref-a-val", "01-OOP-120-Ref-a-val\01-OOP-120-Ref-a-val.csproj", "{FBB0170F-AA75-4E3B-98B7-87A2700761EA}"
EndProject
Project("{9A19103F-16F7-4668-BE54-9A1E7A4F7556}") = "01-OOP-Test-Abacus", "01-OOP-Test-Abacus\01-OOP-Test-Abacus.csproj", "{7D51EE5C-0DF5-44A2-831A-054DF4158D71}"
EndProject
Project("{9A19103F-16F7-4668-BE54-9A1E7A4F7556}") = "02-OOP2-020-Obdelnik-a-ctverec", "002-OOP2-020-Obdelnik-a-ctverec\02-OOP2-020-Obdelnik-a-ctverec.csproj", "{07E1B065-070E-470A-9A8B-4C89EC2C5806}"
EndProject
Project("{FAE04EC0-301F-11D3-BF4B-00C04F79EFBC}") = "02-OOP2-cv-020-Counter", "02-OOP2-cv-020-Counter\02-OOP2-cv-020-Counter.csproj", "{9A40A116-EA78-4E6E-93BF-4F99A3285562}"
EndProject
Project("{FAE04EC0-301F-11D3-BF4B-00C04F79EFBC}") = "02-OOP2-cv-040-Zamestnanci", "02-OOP2-cv-040-Zamestnanci\02-OOP2-cv-040-Zamestnanci.csproj", "{A58C8B85-54D0-4F0D-BF5E-F66A8CD56D24}"
EndProject
Project("{FAE04EC0-301F-11D3-BF4B-00C04F79EFBC}") = "02-OOP2-cv-030-Ucty", "02-OOP2-cv-030-Ucty\02-OOP2-cv-030-Ucty.csproj", "{1CB4F473-6DC7-406E-9A41-053279F5C177}"
EndProject
Project("{FAE04EC0-301F-11D3-BF4B-00C04F79EFBC}") = "02-OOP2-cv-060-Utvary", "02-OOP2-cv-060-Utvary\02-OOP2-cv-060-Utvary.csproj", "{5B859A05-1620-47E4-B73F-F644D7A04A58}"
EndProject
Project("{FAE04EC0-301F-11D3-BF4B-00C04F79EFBC}") = "02-OOP2-030-Iface-Icomparable-Demo", "02-OOP2-030-Iface-Icomparable-Demo\02-OOP2-030-Iface-Icomparable-Demo.csproj", "{3A6E4098-FD5C-455A-943A-CE3A6BA2B252}"
EndProject
Project("{FAE04EC0-301F-11D3-BF4B-00C04F79EFBC}") = "02-OOP2-040-Icomparable-Karty", "02-OOP2-040-Icomparable-Karty\02-OOP2-040-Icomparable-Karty.csproj", "{4C39F40F-644C-4A1F-AA9A-37FD12FCFDC6}"
EndProject
Project("{FAE04EC0-301F-11D3-BF4B-00C04F79EFBC}") = "01-OOP-020-Tachometr", "01-OOP-020-Tachometr\01-OOP-020-Tachometr.csproj", "{6DA9D20D-5851-4C9B-AB02-16A3FA1DCEF9}"
EndProject
Project("{FAE04EC0-301F-11D3-BF4B-00C04F79EFBC}") = "01-OOP-030-Test-vyrobku", "01-OOP-030-Test-vyrobku\01-OOP-030-Test-vyrobku.csproj", "{EADD841E-9D94-4444-A8DF-D81C6502470C}"
EndProject
Project("{FAE04EC0-301F-11D3-BF4B-00C04F79EFBC}") = "01-OOP-050-Lanovka-01-Pole", "01-OOP-050-Lanovka-01-Pole\01-OOP-050-Lanovka-01-Pole.csproj", "{4006628E-B815-4936-B54E-64F295F123FB}"
EndProject
Project("{FAE04EC0-301F-11D3-BF4B-00C04F79EFBC}") = "01-OOP-051-Lanovka-02-LinkedList", "01-OOP-051-Lanovka-02-LinkedList\01-OOP-051-Lanovka-02-LinkedList.csproj", "{07214072-43B6-430F-925D-9A8C34E0E31F}"
EndProject
Project("{FAE04EC0-301F-11D3-BF4B-00C04F79EFBC}") = "02-OOP2-cv-070-Iface-IComparable-Body", "02-OOP2-cv-070-Iface-IComparable-Body\02-OOP2-cv-070-Iface-IComparable-Body.csproj", "{A4183899-5D7A-4F11-A746-7A70A5CDABE1}"
EndProject
Project("{FAE04EC0-301F-11D3-BF4B-00C04F79EFBC}") = "02-OOP2-cv-080-Iface-IComparable-BMI", "02-OOP2-cv-080-Iface-Icomparable-BMI\02-OOP2-cv-080-Iface-IComparable-BMI.csproj", "{14A91CBD-02DD-4B79-B541-948C209EDF36}"
EndProject
Project("{FAE04EC0-301F-11D3-BF4B-00C04F79EFBC}") = "03-OOP3-04-Overloading_operators", "03-OOP3-04-Overloading_operators\03-OOP3-04-Overloading_operators.csproj", "{80C72345-9FD2-4FD7-8659-6EDA1ABDAA91}"
EndProject
Project("{2150E333-8FDC-42A3-9474-1A3956D46DE8}") = "03-OOP3", "03-OOP3", "{22D1D100-EA19-41B0-A583-B9CA7382C5AB}"
EndProject
Project("{FAE04EC0-301F-11D3-BF4B-00C04F79EFBC}") = "03-OOP3-01-Overloading_defaults", "03-OOP3-01-Overloading_defaults\03-OOP3-01-Overloading_defaults.csproj", "{C6AF40D8-9BB7-4263-B59A-646E3D267755}"
EndProject
Project("{FAE04EC0-301F-11D3-BF4B-00C04F79EFBC}") = "03-OOP3-02-Overloading_methods", "03-OOP3-02-Overloading_methods\03-OOP3-02-Overloading_methods.csproj", "{5D660C58-8D7C-47F5-AE0F-ACBFFED63290}"
EndProject
Project("{FAE04EC0-301F-11D3-BF4B-00C04F79EFBC}") = "03-OOP3-03-Overloading_indexers", "03-OOP3-03-Overloading_indexers\03-OOP3-03-Overloading_indexers.csproj", "{1E354233-F878-4BD2-B1A9-073ED4005C4F}"
EndProject
Project("{FAE04EC0-301F-11D3-BF4B-00C04F79EFBC}") = "03-OOP3-08-Bludiste", "03-OOP3-08-Bludiste\03-OOP3-08-Bludiste.csproj", "{5D8C9BCC-0E5C-4CF1-A40F-D549C732B452}"
EndProject
Project("{FAE04EC0-301F-11D3-BF4B-00C04F79EFBC}") = "03-OOP3-07-Salesmen", "03-OOP3-07-Salesmen\03-OOP3-07-Salesmen.csproj", "{FF78EA6F-61DB-463D-935E-5B175DB90EB5}"
EndProject
Project("{FAE04EC0-301F-11D3-BF4B-00C04F79EFBC}") = "03-OOP3-06-Hanoi", "03-OOP3-06-Hanoi\03-OOP3-06-Hanoi.csproj", "{8AFCD6F2-F1AE-4910-A7C0-4ECDBCD0BBD0}"
EndProject
Project("{FAE04EC0-301F-11D3-BF4B-00C04F79EFBC}") = "03-OOP3-05-Urad", "03-OOP3-05-Urad\03-OOP3-05-Urad.csproj", "{3E5485FD-FED1-4700-9110-0BACF7F274A7}"
EndProject
Project("{FAE04EC0-301F-11D3-BF4B-00C04F79EFBC}") = "03-OOP3-09-Randomizer", "03-OOP3-09-Randomizer\03-OOP3-09-Randomizer.csproj", "{BC1C4120-9221-4F18-801C-326C5BB692FF}"
EndProject
Project("{2150E333-8FDC-42A3-9474-1A3956D46DE8}") = "04-Unit-testing", "04-Unit-testing", "{3467E8F7-454F-4773-A9DF-D42ED6A5E8A5}"
EndProject
Project("{FAE04EC0-301F-11D3-BF4B-00C04F79EFBC}") = "04-Tests-01-Min", "04-Tests-01-Min\04-Tests-01-Min.csproj", "{E5107B2C-DBE2-490E-B873-E1D97B18DA30}"
EndProject
Project("{FAE04EC0-301F-11D3-BF4B-00C04F79EFBC}") = "04-Tests-01-MinTests", "04-Tests-01-MinTests\04-Tests-01-MinTests.csproj", "{5DB9A1C5-3D3D-4223-AD29-CE84E776A784}"
EndProject
Project("{2150E333-8FDC-42A3-9474-1A3956D46DE8}") = "05-Reference", "05-Reference", "{02EA681E-C7D8-13C7-8484-4AC65E1B71E8}"
EndProject
Project("{FAE04EC0-301F-11D3-BF4B-00C04F79EFBC}") = "05-Ref-01-Library", "05-Ref-01-Library\05-Ref-01-Library.csproj", "{D226F48B-E826-4781-A7FB-DA0F9C100CB8}"
EndProject
Project("{FAE04EC0-301F-11D3-BF4B-00C04F79EFBC}") = "05-Ref-02-LibUsage", "05-Ref-02-LibUsage\05-Ref-02-LibUsage.csproj", "{59550B7E-470D-4E81-963D-E467E3282FE5}"
EndProject
Project("{2150E333-8FDC-42A3-9474-1A3956D46DE8}") = "06-DB", "06-DB", "{610DE47A-0698-43AB-8BA2-D707F2A34149}"
EndProject
Project("{FAE04EC0-301F-11D3-BF4B-00C04F79EFBC}") = "06-DB-01-SQL-connection", "06-DB-01-SQL-connection\06-DB-01-SQL-connection.csproj", "{EBA6AFB7-4E69-4DAC-967E-E5852D1B2B80}"
EndProject
Project("{FAE04EC0-301F-11D3-BF4B-00C04F79EFBC}") = "06-DB-02-EF-basics", "06-DB-02-EF-basics\06-DB-02-EF-basics.csproj", "{A101FFDC-1784-47D7-A9C0-6BC001183018}"
EndProject
Project("{FAE04EC0-301F-11D3-BF4B-00C04F79EFBC}") = "06-DB-03-EF-relations", "06-DB-03-EF-relations\06-DB-03-EF-relations.csproj", "{3AC671B6-AF7B-4148-BE71-D1C68CC1B4AF}"
EndProject
Global
	GlobalSection(SolutionConfigurationPlatforms) = preSolution
		Debug|Any CPU = Debug|Any CPU
		Release|Any CPU = Release|Any CPU
	EndGlobalSection
	GlobalSection(ProjectConfigurationPlatforms) = postSolution
		{D1129B4E-268E-457B-8228-46C3E7FC9897}.Debug|Any CPU.ActiveCfg = Debug|Any CPU
		{D1129B4E-268E-457B-8228-46C3E7FC9897}.Debug|Any CPU.Build.0 = Debug|Any CPU
		{D1129B4E-268E-457B-8228-46C3E7FC9897}.Release|Any CPU.ActiveCfg = Release|Any CPU
		{D1129B4E-268E-457B-8228-46C3E7FC9897}.Release|Any CPU.Build.0 = Release|Any CPU
		{B7AE95D0-5210-4095-BC5C-F2519E03AEA2}.Debug|Any CPU.ActiveCfg = Debug|Any CPU
		{B7AE95D0-5210-4095-BC5C-F2519E03AEA2}.Debug|Any CPU.Build.0 = Debug|Any CPU
		{B7AE95D0-5210-4095-BC5C-F2519E03AEA2}.Release|Any CPU.ActiveCfg = Release|Any CPU
		{B7AE95D0-5210-4095-BC5C-F2519E03AEA2}.Release|Any CPU.Build.0 = Release|Any CPU
		{0C10CBA4-41F3-4D70-B2F9-B72A3C0EFEAC}.Debug|Any CPU.ActiveCfg = Debug|Any CPU
		{0C10CBA4-41F3-4D70-B2F9-B72A3C0EFEAC}.Debug|Any CPU.Build.0 = Debug|Any CPU
		{0C10CBA4-41F3-4D70-B2F9-B72A3C0EFEAC}.Release|Any CPU.ActiveCfg = Release|Any CPU
		{0C10CBA4-41F3-4D70-B2F9-B72A3C0EFEAC}.Release|Any CPU.Build.0 = Release|Any CPU
		{4A22BA6B-79A8-479B-8336-390788F6C1D6}.Debug|Any CPU.ActiveCfg = Debug|Any CPU
		{4A22BA6B-79A8-479B-8336-390788F6C1D6}.Debug|Any CPU.Build.0 = Debug|Any CPU
		{4A22BA6B-79A8-479B-8336-390788F6C1D6}.Release|Any CPU.ActiveCfg = Release|Any CPU
		{4A22BA6B-79A8-479B-8336-390788F6C1D6}.Release|Any CPU.Build.0 = Release|Any CPU
		{FBB0170F-AA75-4E3B-98B7-87A2700761EA}.Debug|Any CPU.ActiveCfg = Debug|Any CPU
		{FBB0170F-AA75-4E3B-98B7-87A2700761EA}.Debug|Any CPU.Build.0 = Debug|Any CPU
		{FBB0170F-AA75-4E3B-98B7-87A2700761EA}.Release|Any CPU.ActiveCfg = Release|Any CPU
		{FBB0170F-AA75-4E3B-98B7-87A2700761EA}.Release|Any CPU.Build.0 = Release|Any CPU
		{7D51EE5C-0DF5-44A2-831A-054DF4158D71}.Debug|Any CPU.ActiveCfg = Debug|Any CPU
		{7D51EE5C-0DF5-44A2-831A-054DF4158D71}.Debug|Any CPU.Build.0 = Debug|Any CPU
		{7D51EE5C-0DF5-44A2-831A-054DF4158D71}.Release|Any CPU.ActiveCfg = Release|Any CPU
		{7D51EE5C-0DF5-44A2-831A-054DF4158D71}.Release|Any CPU.Build.0 = Release|Any CPU
		{07E1B065-070E-470A-9A8B-4C89EC2C5806}.Debug|Any CPU.ActiveCfg = Debug|Any CPU
		{07E1B065-070E-470A-9A8B-4C89EC2C5806}.Debug|Any CPU.Build.0 = Debug|Any CPU
		{07E1B065-070E-470A-9A8B-4C89EC2C5806}.Release|Any CPU.ActiveCfg = Release|Any CPU
		{07E1B065-070E-470A-9A8B-4C89EC2C5806}.Release|Any CPU.Build.0 = Release|Any CPU
		{9A40A116-EA78-4E6E-93BF-4F99A3285562}.Debug|Any CPU.ActiveCfg = Debug|Any CPU
		{9A40A116-EA78-4E6E-93BF-4F99A3285562}.Debug|Any CPU.Build.0 = Debug|Any CPU
		{9A40A116-EA78-4E6E-93BF-4F99A3285562}.Release|Any CPU.ActiveCfg = Release|Any CPU
		{9A40A116-EA78-4E6E-93BF-4F99A3285562}.Release|Any CPU.Build.0 = Release|Any CPU
		{A58C8B85-54D0-4F0D-BF5E-F66A8CD56D24}.Debug|Any CPU.ActiveCfg = Debug|Any CPU
		{A58C8B85-54D0-4F0D-BF5E-F66A8CD56D24}.Debug|Any CPU.Build.0 = Debug|Any CPU
		{A58C8B85-54D0-4F0D-BF5E-F66A8CD56D24}.Release|Any CPU.ActiveCfg = Release|Any CPU
		{A58C8B85-54D0-4F0D-BF5E-F66A8CD56D24}.Release|Any CPU.Build.0 = Release|Any CPU
		{1CB4F473-6DC7-406E-9A41-053279F5C177}.Debug|Any CPU.ActiveCfg = Debug|Any CPU
		{1CB4F473-6DC7-406E-9A41-053279F5C177}.Debug|Any CPU.Build.0 = Debug|Any CPU
		{1CB4F473-6DC7-406E-9A41-053279F5C177}.Release|Any CPU.ActiveCfg = Release|Any CPU
		{1CB4F473-6DC7-406E-9A41-053279F5C177}.Release|Any CPU.Build.0 = Release|Any CPU
		{5B859A05-1620-47E4-B73F-F644D7A04A58}.Debug|Any CPU.ActiveCfg = Debug|Any CPU
		{5B859A05-1620-47E4-B73F-F644D7A04A58}.Debug|Any CPU.Build.0 = Debug|Any CPU
		{5B859A05-1620-47E4-B73F-F644D7A04A58}.Release|Any CPU.ActiveCfg = Release|Any CPU
		{5B859A05-1620-47E4-B73F-F644D7A04A58}.Release|Any CPU.Build.0 = Release|Any CPU
		{3A6E4098-FD5C-455A-943A-CE3A6BA2B252}.Debug|Any CPU.ActiveCfg = Debug|Any CPU
		{3A6E4098-FD5C-455A-943A-CE3A6BA2B252}.Debug|Any CPU.Build.0 = Debug|Any CPU
		{3A6E4098-FD5C-455A-943A-CE3A6BA2B252}.Release|Any CPU.ActiveCfg = Release|Any CPU
		{3A6E4098-FD5C-455A-943A-CE3A6BA2B252}.Release|Any CPU.Build.0 = Release|Any CPU
		{4C39F40F-644C-4A1F-AA9A-37FD12FCFDC6}.Debug|Any CPU.ActiveCfg = Debug|Any CPU
		{4C39F40F-644C-4A1F-AA9A-37FD12FCFDC6}.Debug|Any CPU.Build.0 = Debug|Any CPU
		{4C39F40F-644C-4A1F-AA9A-37FD12FCFDC6}.Release|Any CPU.ActiveCfg = Release|Any CPU
		{4C39F40F-644C-4A1F-AA9A-37FD12FCFDC6}.Release|Any CPU.Build.0 = Release|Any CPU
		{6DA9D20D-5851-4C9B-AB02-16A3FA1DCEF9}.Debug|Any CPU.ActiveCfg = Debug|Any CPU
		{6DA9D20D-5851-4C9B-AB02-16A3FA1DCEF9}.Debug|Any CPU.Build.0 = Debug|Any CPU
		{6DA9D20D-5851-4C9B-AB02-16A3FA1DCEF9}.Release|Any CPU.ActiveCfg = Release|Any CPU
		{6DA9D20D-5851-4C9B-AB02-16A3FA1DCEF9}.Release|Any CPU.Build.0 = Release|Any CPU
		{EADD841E-9D94-4444-A8DF-D81C6502470C}.Debug|Any CPU.ActiveCfg = Debug|Any CPU
		{EADD841E-9D94-4444-A8DF-D81C6502470C}.Debug|Any CPU.Build.0 = Debug|Any CPU
		{EADD841E-9D94-4444-A8DF-D81C6502470C}.Release|Any CPU.ActiveCfg = Release|Any CPU
		{EADD841E-9D94-4444-A8DF-D81C6502470C}.Release|Any CPU.Build.0 = Release|Any CPU
		{4006628E-B815-4936-B54E-64F295F123FB}.Debug|Any CPU.ActiveCfg = Debug|Any CPU
		{4006628E-B815-4936-B54E-64F295F123FB}.Debug|Any CPU.Build.0 = Debug|Any CPU
		{4006628E-B815-4936-B54E-64F295F123FB}.Release|Any CPU.ActiveCfg = Release|Any CPU
		{4006628E-B815-4936-B54E-64F295F123FB}.Release|Any CPU.Build.0 = Release|Any CPU
		{07214072-43B6-430F-925D-9A8C34E0E31F}.Debug|Any CPU.ActiveCfg = Debug|Any CPU
		{07214072-43B6-430F-925D-9A8C34E0E31F}.Debug|Any CPU.Build.0 = Debug|Any CPU
		{07214072-43B6-430F-925D-9A8C34E0E31F}.Release|Any CPU.ActiveCfg = Release|Any CPU
		{07214072-43B6-430F-925D-9A8C34E0E31F}.Release|Any CPU.Build.0 = Release|Any CPU
		{A4183899-5D7A-4F11-A746-7A70A5CDABE1}.Debug|Any CPU.ActiveCfg = Debug|Any CPU
		{A4183899-5D7A-4F11-A746-7A70A5CDABE1}.Debug|Any CPU.Build.0 = Debug|Any CPU
		{A4183899-5D7A-4F11-A746-7A70A5CDABE1}.Release|Any CPU.ActiveCfg = Release|Any CPU
		{A4183899-5D7A-4F11-A746-7A70A5CDABE1}.Release|Any CPU.Build.0 = Release|Any CPU
		{14A91CBD-02DD-4B79-B541-948C209EDF36}.Debug|Any CPU.ActiveCfg = Debug|Any CPU
		{14A91CBD-02DD-4B79-B541-948C209EDF36}.Debug|Any CPU.Build.0 = Debug|Any CPU
		{14A91CBD-02DD-4B79-B541-948C209EDF36}.Release|Any CPU.ActiveCfg = Release|Any CPU
		{14A91CBD-02DD-4B79-B541-948C209EDF36}.Release|Any CPU.Build.0 = Release|Any CPU
		{80C72345-9FD2-4FD7-8659-6EDA1ABDAA91}.Debug|Any CPU.ActiveCfg = Debug|Any CPU
		{80C72345-9FD2-4FD7-8659-6EDA1ABDAA91}.Debug|Any CPU.Build.0 = Debug|Any CPU
		{80C72345-9FD2-4FD7-8659-6EDA1ABDAA91}.Release|Any CPU.ActiveCfg = Release|Any CPU
		{80C72345-9FD2-4FD7-8659-6EDA1ABDAA91}.Release|Any CPU.Build.0 = Release|Any CPU
		{C6AF40D8-9BB7-4263-B59A-646E3D267755}.Debug|Any CPU.ActiveCfg = Debug|Any CPU
		{C6AF40D8-9BB7-4263-B59A-646E3D267755}.Debug|Any CPU.Build.0 = Debug|Any CPU
		{C6AF40D8-9BB7-4263-B59A-646E3D267755}.Release|Any CPU.ActiveCfg = Release|Any CPU
		{C6AF40D8-9BB7-4263-B59A-646E3D267755}.Release|Any CPU.Build.0 = Release|Any CPU
		{5D660C58-8D7C-47F5-AE0F-ACBFFED63290}.Debug|Any CPU.ActiveCfg = Debug|Any CPU
		{5D660C58-8D7C-47F5-AE0F-ACBFFED63290}.Debug|Any CPU.Build.0 = Debug|Any CPU
		{5D660C58-8D7C-47F5-AE0F-ACBFFED63290}.Release|Any CPU.ActiveCfg = Release|Any CPU
		{5D660C58-8D7C-47F5-AE0F-ACBFFED63290}.Release|Any CPU.Build.0 = Release|Any CPU
		{1E354233-F878-4BD2-B1A9-073ED4005C4F}.Debug|Any CPU.ActiveCfg = Debug|Any CPU
		{1E354233-F878-4BD2-B1A9-073ED4005C4F}.Debug|Any CPU.Build.0 = Debug|Any CPU
		{1E354233-F878-4BD2-B1A9-073ED4005C4F}.Release|Any CPU.ActiveCfg = Release|Any CPU
		{1E354233-F878-4BD2-B1A9-073ED4005C4F}.Release|Any CPU.Build.0 = Release|Any CPU
		{5D8C9BCC-0E5C-4CF1-A40F-D549C732B452}.Debug|Any CPU.ActiveCfg = Debug|Any CPU
		{5D8C9BCC-0E5C-4CF1-A40F-D549C732B452}.Debug|Any CPU.Build.0 = Debug|Any CPU
		{5D8C9BCC-0E5C-4CF1-A40F-D549C732B452}.Release|Any CPU.ActiveCfg = Release|Any CPU
		{5D8C9BCC-0E5C-4CF1-A40F-D549C732B452}.Release|Any CPU.Build.0 = Release|Any CPU
		{FF78EA6F-61DB-463D-935E-5B175DB90EB5}.Debug|Any CPU.ActiveCfg = Debug|Any CPU
		{FF78EA6F-61DB-463D-935E-5B175DB90EB5}.Debug|Any CPU.Build.0 = Debug|Any CPU
		{FF78EA6F-61DB-463D-935E-5B175DB90EB5}.Release|Any CPU.ActiveCfg = Release|Any CPU
		{FF78EA6F-61DB-463D-935E-5B175DB90EB5}.Release|Any CPU.Build.0 = Release|Any CPU
		{8AFCD6F2-F1AE-4910-A7C0-4ECDBCD0BBD0}.Debug|Any CPU.ActiveCfg = Debug|Any CPU
		{8AFCD6F2-F1AE-4910-A7C0-4ECDBCD0BBD0}.Debug|Any CPU.Build.0 = Debug|Any CPU
		{8AFCD6F2-F1AE-4910-A7C0-4ECDBCD0BBD0}.Release|Any CPU.ActiveCfg = Release|Any CPU
		{8AFCD6F2-F1AE-4910-A7C0-4ECDBCD0BBD0}.Release|Any CPU.Build.0 = Release|Any CPU
		{3E5485FD-FED1-4700-9110-0BACF7F274A7}.Debug|Any CPU.ActiveCfg = Debug|Any CPU
		{3E5485FD-FED1-4700-9110-0BACF7F274A7}.Debug|Any CPU.Build.0 = Debug|Any CPU
		{3E5485FD-FED1-4700-9110-0BACF7F274A7}.Release|Any CPU.ActiveCfg = Release|Any CPU
		{3E5485FD-FED1-4700-9110-0BACF7F274A7}.Release|Any CPU.Build.0 = Release|Any CPU
		{BC1C4120-9221-4F18-801C-326C5BB692FF}.Debug|Any CPU.ActiveCfg = Debug|Any CPU
		{BC1C4120-9221-4F18-801C-326C5BB692FF}.Debug|Any CPU.Build.0 = Debug|Any CPU
		{BC1C4120-9221-4F18-801C-326C5BB692FF}.Release|Any CPU.ActiveCfg = Release|Any CPU
		{BC1C4120-9221-4F18-801C-326C5BB692FF}.Release|Any CPU.Build.0 = Release|Any CPU
		{E5107B2C-DBE2-490E-B873-E1D97B18DA30}.Debug|Any CPU.ActiveCfg = Debug|Any CPU
		{E5107B2C-DBE2-490E-B873-E1D97B18DA30}.Debug|Any CPU.Build.0 = Debug|Any CPU
		{E5107B2C-DBE2-490E-B873-E1D97B18DA30}.Release|Any CPU.ActiveCfg = Release|Any CPU
		{E5107B2C-DBE2-490E-B873-E1D97B18DA30}.Release|Any CPU.Build.0 = Release|Any CPU
		{5DB9A1C5-3D3D-4223-AD29-CE84E776A784}.Debug|Any CPU.ActiveCfg = Debug|Any CPU
		{5DB9A1C5-3D3D-4223-AD29-CE84E776A784}.Debug|Any CPU.Build.0 = Debug|Any CPU
		{5DB9A1C5-3D3D-4223-AD29-CE84E776A784}.Release|Any CPU.ActiveCfg = Release|Any CPU
		{5DB9A1C5-3D3D-4223-AD29-CE84E776A784}.Release|Any CPU.Build.0 = Release|Any CPU
		{D226F48B-E826-4781-A7FB-DA0F9C100CB8}.Debug|Any CPU.ActiveCfg = Debug|Any CPU
		{D226F48B-E826-4781-A7FB-DA0F9C100CB8}.Debug|Any CPU.Build.0 = Debug|Any CPU
		{D226F48B-E826-4781-A7FB-DA0F9C100CB8}.Release|Any CPU.ActiveCfg = Release|Any CPU
		{D226F48B-E826-4781-A7FB-DA0F9C100CB8}.Release|Any CPU.Build.0 = Release|Any CPU
		{59550B7E-470D-4E81-963D-E467E3282FE5}.Debug|Any CPU.ActiveCfg = Debug|Any CPU
		{59550B7E-470D-4E81-963D-E467E3282FE5}.Debug|Any CPU.Build.0 = Debug|Any CPU
		{59550B7E-470D-4E81-963D-E467E3282FE5}.Release|Any CPU.ActiveCfg = Release|Any CPU
		{59550B7E-470D-4E81-963D-E467E3282FE5}.Release|Any CPU.Build.0 = Release|Any CPU
		{EBA6AFB7-4E69-4DAC-967E-E5852D1B2B80}.Debug|Any CPU.ActiveCfg = Debug|Any CPU
		{EBA6AFB7-4E69-4DAC-967E-E5852D1B2B80}.Debug|Any CPU.Build.0 = Debug|Any CPU
		{EBA6AFB7-4E69-4DAC-967E-E5852D1B2B80}.Release|Any CPU.ActiveCfg = Release|Any CPU
		{EBA6AFB7-4E69-4DAC-967E-E5852D1B2B80}.Release|Any CPU.Build.0 = Release|Any CPU
		{A101FFDC-1784-47D7-A9C0-6BC001183018}.Debug|Any CPU.ActiveCfg = Debug|Any CPU
		{A101FFDC-1784-47D7-A9C0-6BC001183018}.Debug|Any CPU.Build.0 = Debug|Any CPU
		{A101FFDC-1784-47D7-A9C0-6BC001183018}.Release|Any CPU.ActiveCfg = Release|Any CPU
		{A101FFDC-1784-47D7-A9C0-6BC001183018}.Release|Any CPU.Build.0 = Release|Any CPU
		{3AC671B6-AF7B-4148-BE71-D1C68CC1B4AF}.Debug|Any CPU.ActiveCfg = Debug|Any CPU
		{3AC671B6-AF7B-4148-BE71-D1C68CC1B4AF}.Debug|Any CPU.Build.0 = Debug|Any CPU
		{3AC671B6-AF7B-4148-BE71-D1C68CC1B4AF}.Release|Any CPU.ActiveCfg = Release|Any CPU
		{3AC671B6-AF7B-4148-BE71-D1C68CC1B4AF}.Release|Any CPU.Build.0 = Release|Any CPU
	EndGlobalSection
	GlobalSection(SolutionProperties) = preSolution
		HideSolutionNode = FALSE
	EndGlobalSection
	GlobalSection(NestedProjects) = preSolution
		{D1129B4E-268E-457B-8228-46C3E7FC9897} = {D0DCE24F-029B-4B6E-9E61-C24AA3FA7166}
		{0C10CBA4-41F3-4D70-B2F9-B72A3C0EFEAC} = {2595F3A5-C455-4F9C-A5F0-BE50C4E886C8}
		{4A22BA6B-79A8-479B-8336-390788F6C1D6} = {D0DCE24F-029B-4B6E-9E61-C24AA3FA7166}
		{FBB0170F-AA75-4E3B-98B7-87A2700761EA} = {D0DCE24F-029B-4B6E-9E61-C24AA3FA7166}
		{7D51EE5C-0DF5-44A2-831A-054DF4158D71} = {D0DCE24F-029B-4B6E-9E61-C24AA3FA7166}
		{07E1B065-070E-470A-9A8B-4C89EC2C5806} = {2595F3A5-C455-4F9C-A5F0-BE50C4E886C8}
		{9A40A116-EA78-4E6E-93BF-4F99A3285562} = {2595F3A5-C455-4F9C-A5F0-BE50C4E886C8}
		{A58C8B85-54D0-4F0D-BF5E-F66A8CD56D24} = {2595F3A5-C455-4F9C-A5F0-BE50C4E886C8}
		{1CB4F473-6DC7-406E-9A41-053279F5C177} = {2595F3A5-C455-4F9C-A5F0-BE50C4E886C8}
		{5B859A05-1620-47E4-B73F-F644D7A04A58} = {2595F3A5-C455-4F9C-A5F0-BE50C4E886C8}
		{3A6E4098-FD5C-455A-943A-CE3A6BA2B252} = {2595F3A5-C455-4F9C-A5F0-BE50C4E886C8}
		{4C39F40F-644C-4A1F-AA9A-37FD12FCFDC6} = {2595F3A5-C455-4F9C-A5F0-BE50C4E886C8}
		{6DA9D20D-5851-4C9B-AB02-16A3FA1DCEF9} = {D0DCE24F-029B-4B6E-9E61-C24AA3FA7166}
		{EADD841E-9D94-4444-A8DF-D81C6502470C} = {D0DCE24F-029B-4B6E-9E61-C24AA3FA7166}
		{4006628E-B815-4936-B54E-64F295F123FB} = {D0DCE24F-029B-4B6E-9E61-C24AA3FA7166}
		{07214072-43B6-430F-925D-9A8C34E0E31F} = {D0DCE24F-029B-4B6E-9E61-C24AA3FA7166}
		{A4183899-5D7A-4F11-A746-7A70A5CDABE1} = {2595F3A5-C455-4F9C-A5F0-BE50C4E886C8}
		{14A91CBD-02DD-4B79-B541-948C209EDF36} = {2595F3A5-C455-4F9C-A5F0-BE50C4E886C8}
		{80C72345-9FD2-4FD7-8659-6EDA1ABDAA91} = {22D1D100-EA19-41B0-A583-B9CA7382C5AB}
		{C6AF40D8-9BB7-4263-B59A-646E3D267755} = {22D1D100-EA19-41B0-A583-B9CA7382C5AB}
		{5D660C58-8D7C-47F5-AE0F-ACBFFED63290} = {22D1D100-EA19-41B0-A583-B9CA7382C5AB}
		{1E354233-F878-4BD2-B1A9-073ED4005C4F} = {22D1D100-EA19-41B0-A583-B9CA7382C5AB}
		{5D8C9BCC-0E5C-4CF1-A40F-D549C732B452} = {22D1D100-EA19-41B0-A583-B9CA7382C5AB}
		{FF78EA6F-61DB-463D-935E-5B175DB90EB5} = {22D1D100-EA19-41B0-A583-B9CA7382C5AB}
		{8AFCD6F2-F1AE-4910-A7C0-4ECDBCD0BBD0} = {22D1D100-EA19-41B0-A583-B9CA7382C5AB}
		{3E5485FD-FED1-4700-9110-0BACF7F274A7} = {22D1D100-EA19-41B0-A583-B9CA7382C5AB}
		{BC1C4120-9221-4F18-801C-326C5BB692FF} = {22D1D100-EA19-41B0-A583-B9CA7382C5AB}
		{E5107B2C-DBE2-490E-B873-E1D97B18DA30} = {3467E8F7-454F-4773-A9DF-D42ED6A5E8A5}
		{5DB9A1C5-3D3D-4223-AD29-CE84E776A784} = {3467E8F7-454F-4773-A9DF-D42ED6A5E8A5}
		{D226F48B-E826-4781-A7FB-DA0F9C100CB8} = {02EA681E-C7D8-13C7-8484-4AC65E1B71E8}
		{59550B7E-470D-4E81-963D-E467E3282FE5} = {02EA681E-C7D8-13C7-8484-4AC65E1B71E8}
		{EBA6AFB7-4E69-4DAC-967E-E5852D1B2B80} = {610DE47A-0698-43AB-8BA2-D707F2A34149}
		{A101FFDC-1784-47D7-A9C0-6BC001183018} = {610DE47A-0698-43AB-8BA2-D707F2A34149}
		{3AC671B6-AF7B-4148-BE71-D1C68CC1B4AF} = {610DE47A-0698-43AB-8BA2-D707F2A34149}
	EndGlobalSection
	GlobalSection(ExtensibilityGlobals) = postSolution
		SolutionGuid = {14ACA340-940F-444C-AD33-BC1A31B0BBE3}
	EndGlobalSection
EndGlobal
